
Microsoft Visual Studio Solution File, Format Version 12.00
# Visual Studio Version 17
VisualStudioVersion = 17.14.36623.8
MinimumVisualStudioVersion = 10.0.40219.1
Project("{FAE04EC0-301F-11D3-BF4B-00C04F79EFBC}") = "0BMA1Api", "0BMA1Api\0BMA1Api.csproj", "{5B1CA7BA-DDB4-439C-8402-D0A23843524A}"
EndProject
Project("{FAE04EC0-301F-11D3-BF4B-00C04F79EFBC}") = "Todo.Api.IntegrationTests", "tests\Todo.Api.IntegrationTests\Todo.Api.IntegrationTests.csproj", "{9F40071E-0C3C-8212-2B54-AAA9A0E5C8B9}"
EndProject
Project("{2150E333-8FDC-42A3-9474-1A3956D46DE8}") = "Projektmappenelemente", "Projektmappenelemente", "{84D27F74-D2BA-6C25-2661-968F101900D9}"
	ProjectSection(SolutionItems) = preProject
		Dockerfile = Dockerfile
	EndProjectSection
EndProject
Project("{FAE04EC0-301F-11D3-BF4B-00C04F79EFBC}") = "Todo.Api.UnitTests", "tests\Todo.Api.UnitTests\Todo.Api.UnitTests.csproj", "{C77D49C1-B59A-FB55-DF18-26A573C079D9}"
EndProject
Global
	GlobalSection(SolutionConfigurationPlatforms) = preSolution
		Debug|Any CPU = Debug|Any CPU
		Release|Any CPU = Release|Any CPU
	EndGlobalSection
	GlobalSection(ProjectConfigurationPlatforms) = postSolution
		{5B1CA7BA-DDB4-439C-8402-D0A23843524A}.Debug|Any CPU.ActiveCfg = Debug|Any CPU
		{5B1CA7BA-DDB4-439C-8402-D0A23843524A}.Debug|Any CPU.Build.0 = Debug|Any CPU
		{5B1CA7BA-DDB4-439C-8402-D0A23843524A}.Release|Any CPU.ActiveCfg = Release|Any CPU
		{5B1CA7BA-DDB4-439C-8402-D0A23843524A}.Release|Any CPU.Build.0 = Release|Any CPU
		{9F40071E-0C3C-8212-2B54-AAA9A0E5C8B9}.Debug|Any CPU.ActiveCfg = Debug|Any CPU
		{9F40071E-0C3C-8212-2B54-AAA9A0E5C8B9}.Debug|Any CPU.Build.0 = Debug|Any CPU
		{9F40071E-0C3C-8212-2B54-AAA9A0E5C8B9}.Release|Any CPU.ActiveCfg = Release|Any CPU
		{9F40071E-0C3C-8212-2B54-AAA9A0E5C8B9}.Release|Any CPU.Build.0 = Release|Any CPU
		{C77D49C1-B59A-FB55-DF18-26A573C079D9}.Debug|Any CPU.ActiveCfg = Debug|Any CPU
		{C77D49C1-B59A-FB55-DF18-26A573C079D9}.Debug|Any CPU.Build.0 = Debug|Any CPU
		{C77D49C1-B59A-FB55-DF18-26A573C079D9}.Release|Any CPU.ActiveCfg = Release|Any CPU
		{C77D49C1-B59A-FB55-DF18-26A573C079D9}.Release|Any CPU.Build.0 = Release|Any CPU
	EndGlobalSection
	GlobalSection(SolutionProperties) = preSolution
		HideSolutionNode = FALSE
	EndGlobalSection
	GlobalSection(ExtensibilityGlobals) = postSolution
		SolutionGuid = {45C48B9A-1125-479D-9A58-861736633501}
	EndGlobalSection
EndGlobal
